
Microsoft Visual Studio Solution File, Format Version 12.00
# Visual Studio Version 17
VisualStudioVersion = 17.3.32901.215
MinimumVisualStudioVersion = 10.0.40219.1
Project("{FAE04EC0-301F-11D3-BF4B-00C04F79EFBC}") = "GrpcService", "GrpcService\GrpcService.csproj", "{1D426BAF-EA38-4CB6-9902-EC2C76798DD4}"
EndProject
Global
	GlobalSection(SolutionConfigurationPlatforms) = preSolution
		Debug|Any CPU = Debug|Any CPU
		Release|Any CPU = Release|Any CPU
	EndGlobalSection
	GlobalSection(ProjectConfigurationPlatforms) = postSolution
		{1D426BAF-EA38-4CB6-9902-EC2C76798DD4}.Debug|Any CPU.ActiveCfg = Debug|Any CPU
		{1D426BAF-EA38-4CB6-9902-EC2C76798DD4}.Debug|Any CPU.Build.0 = Debug|Any CPU
		{1D426BAF-EA38-4CB6-9902-EC2C76798DD4}.Release|Any CPU.ActiveCfg = Release|Any CPU
		{1D426BAF-EA38-4CB6-9902-EC2C76798DD4}.Release|Any CPU.Build.0 = Release|Any CPU
	EndGlobalSection
	GlobalSection(SolutionProperties) = preSolution
		HideSolutionNode = FALSE
	EndGlobalSection
	GlobalSection(ExtensibilityGlobals) = postSolution
		SolutionGuid = {0A470DFA-6A63-4D26-89F0-29B61BBAAF30}
	EndGlobalSection
EndGlobal
